{
	"name": "backend",
	"lockfileVersion": 2,
	"requires": true,
	"packages": {
		"": {
			"dependencies": {
				"fp-ts": "^2.16.1"
			}
		},
		"node_modules/.pnpm/fp-ts@2.16.1/node_modules/fp-ts": {
			"version": "2.16.1",
			"license": "MIT"
		},
		"node_modules/fp-ts": {
			"resolved": "node_modules/.pnpm/fp-ts@2.16.1/node_modules/fp-ts",
			"link": true
		}
	},
	"dependencies": {
		"fp-ts": {
			"version": "file:node_modules/.pnpm/fp-ts@2.16.1/node_modules/fp-ts"
		}
	}
}
